
Microsoft Visual Studio Solution File, Format Version 12.00
# Visual Studio 15
VisualStudioVersion = 15.0.26124.0
MinimumVisualStudioVersion = 15.0.26124.0
Project("{FAE04EC0-301F-11D3-BF4B-00C04F79EFBC}") = "flightMate.AuthorizationServer", "flightMate.AuthorizationServer\flightMate.AuthorizationServer.csproj", "{5AA947DE-AED7-4878-94E1-A1FCDD8DB06D}"
EndProject
Project("{2150E333-8FDC-42A3-9474-1A3956D46DE8}") = "DataAccess", "DataAccess", "{D01B0F47-715F-4CFA-8BE2-C0902B44D09F}"
EndProject
Project("{FAE04EC0-301F-11D3-BF4B-00C04F79EFBC}") = "flightMate.DataAccess.Abstraction", "DataAccess\flightMate.DataAccess.Abstraction\flightMate.DataAccess.Abstraction.csproj", "{C74D739E-ACB0-4EB4-8F13-8E1FB0C172DC}"
EndProject
Project("{FAE04EC0-301F-11D3-BF4B-00C04F79EFBC}") = "flightMate.DataAccess.Mongo", "DataAccess\flightMate.DataAccess.Mongo\flightMate.DataAccess.Mongo.csproj", "{3AD9BD02-844F-4F8C-8F78-9C8C88313151}"
EndProject
Global
	GlobalSection(SolutionConfigurationPlatforms) = preSolution
		Debug|Any CPU = Debug|Any CPU
		Debug|x64 = Debug|x64
		Debug|x86 = Debug|x86
		Release|Any CPU = Release|Any CPU
		Release|x64 = Release|x64
		Release|x86 = Release|x86
	EndGlobalSection
	GlobalSection(SolutionProperties) = preSolution
		HideSolutionNode = FALSE
	EndGlobalSection
	GlobalSection(ProjectConfigurationPlatforms) = postSolution
		{5AA947DE-AED7-4878-94E1-A1FCDD8DB06D}.Debug|Any CPU.ActiveCfg = Debug|Any CPU
		{5AA947DE-AED7-4878-94E1-A1FCDD8DB06D}.Debug|Any CPU.Build.0 = Debug|Any CPU
		{5AA947DE-AED7-4878-94E1-A1FCDD8DB06D}.Debug|x64.ActiveCfg = Debug|Any CPU
		{5AA947DE-AED7-4878-94E1-A1FCDD8DB06D}.Debug|x64.Build.0 = Debug|Any CPU
		{5AA947DE-AED7-4878-94E1-A1FCDD8DB06D}.Debug|x86.ActiveCfg = Debug|Any CPU
		{5AA947DE-AED7-4878-94E1-A1FCDD8DB06D}.Debug|x86.Build.0 = Debug|Any CPU
		{5AA947DE-AED7-4878-94E1-A1FCDD8DB06D}.Release|Any CPU.ActiveCfg = Release|Any CPU
		{5AA947DE-AED7-4878-94E1-A1FCDD8DB06D}.Release|Any CPU.Build.0 = Release|Any CPU
		{5AA947DE-AED7-4878-94E1-A1FCDD8DB06D}.Release|x64.ActiveCfg = Release|Any CPU
		{5AA947DE-AED7-4878-94E1-A1FCDD8DB06D}.Release|x64.Build.0 = Release|Any CPU
		{5AA947DE-AED7-4878-94E1-A1FCDD8DB06D}.Release|x86.ActiveCfg = Release|Any CPU
		{5AA947DE-AED7-4878-94E1-A1FCDD8DB06D}.Release|x86.Build.0 = Release|Any CPU
		{C74D739E-ACB0-4EB4-8F13-8E1FB0C172DC}.Debug|Any CPU.ActiveCfg = Debug|Any CPU
		{C74D739E-ACB0-4EB4-8F13-8E1FB0C172DC}.Debug|Any CPU.Build.0 = Debug|Any CPU
		{C74D739E-ACB0-4EB4-8F13-8E1FB0C172DC}.Debug|x64.ActiveCfg = Debug|Any CPU
		{C74D739E-ACB0-4EB4-8F13-8E1FB0C172DC}.Debug|x64.Build.0 = Debug|Any CPU
		{C74D739E-ACB0-4EB4-8F13-8E1FB0C172DC}.Debug|x86.ActiveCfg = Debug|Any CPU
		{C74D739E-ACB0-4EB4-8F13-8E1FB0C172DC}.Debug|x86.Build.0 = Debug|Any CPU
		{C74D739E-ACB0-4EB4-8F13-8E1FB0C172DC}.Release|Any CPU.ActiveCfg = Release|Any CPU
		{C74D739E-ACB0-4EB4-8F13-8E1FB0C172DC}.Release|Any CPU.Build.0 = Release|Any CPU
		{C74D739E-ACB0-4EB4-8F13-8E1FB0C172DC}.Release|x64.ActiveCfg = Release|Any CPU
		{C74D739E-ACB0-4EB4-8F13-8E1FB0C172DC}.Release|x64.Build.0 = Release|Any CPU
		{C74D739E-ACB0-4EB4-8F13-8E1FB0C172DC}.Release|x86.ActiveCfg = Release|Any CPU
		{C74D739E-ACB0-4EB4-8F13-8E1FB0C172DC}.Release|x86.Build.0 = Release|Any CPU
		{3AD9BD02-844F-4F8C-8F78-9C8C88313151}.Debug|Any CPU.ActiveCfg = Debug|Any CPU
		{3AD9BD02-844F-4F8C-8F78-9C8C88313151}.Debug|Any CPU.Build.0 = Debug|Any CPU
		{3AD9BD02-844F-4F8C-8F78-9C8C88313151}.Debug|x64.ActiveCfg = Debug|Any CPU
		{3AD9BD02-844F-4F8C-8F78-9C8C88313151}.Debug|x64.Build.0 = Debug|Any CPU
		{3AD9BD02-844F-4F8C-8F78-9C8C88313151}.Debug|x86.ActiveCfg = Debug|Any CPU
		{3AD9BD02-844F-4F8C-8F78-9C8C88313151}.Debug|x86.Build.0 = Debug|Any CPU
		{3AD9BD02-844F-4F8C-8F78-9C8C88313151}.Release|Any CPU.ActiveCfg = Release|Any CPU
		{3AD9BD02-844F-4F8C-8F78-9C8C88313151}.Release|Any CPU.Build.0 = Release|Any CPU
		{3AD9BD02-844F-4F8C-8F78-9C8C88313151}.Release|x64.ActiveCfg = Release|Any CPU
		{3AD9BD02-844F-4F8C-8F78-9C8C88313151}.Release|x64.Build.0 = Release|Any CPU
		{3AD9BD02-844F-4F8C-8F78-9C8C88313151}.Release|x86.ActiveCfg = Release|Any CPU
		{3AD9BD02-844F-4F8C-8F78-9C8C88313151}.Release|x86.Build.0 = Release|Any CPU
	EndGlobalSection
	GlobalSection(NestedProjects) = preSolution
		{C74D739E-ACB0-4EB4-8F13-8E1FB0C172DC} = {D01B0F47-715F-4CFA-8BE2-C0902B44D09F}
		{3AD9BD02-844F-4F8C-8F78-9C8C88313151} = {D01B0F47-715F-4CFA-8BE2-C0902B44D09F}
	EndGlobalSection
EndGlobal
